
Microsoft Visual Studio Solution File, Format Version 12.00
# Visual Studio Version 16
VisualStudioVersion = 16.0.30114.105
MinimumVisualStudioVersion = 10.0.40219.1
Project("{2150E333-8FDC-42A3-9474-1A3956D46DE8}") = "Server", "Server", "{55D7AD26-DFEA-4A19-8884-2BEB3B771096}"
EndProject
Project("{2150E333-8FDC-42A3-9474-1A3956D46DE8}") = "Services", "Services", "{A953E3AF-766E-4037-81F4-7380C0C9A7B1}"
EndProject
Project("{2150E333-8FDC-42A3-9474-1A3956D46DE8}") = "Tests", "Tests", "{75E4E957-162A-45A1-B2A9-1902B88D8208}"
EndProject
Project("{2150E333-8FDC-42A3-9474-1A3956D46DE8}") = "Common", "Common", "{D00A334D-A598-49A6-8524-457451F05AE4}"
EndProject
Project("{2150E333-8FDC-42A3-9474-1A3956D46DE8}") = "PurchaseList", "PurchaseList", "{984C409C-B9CF-4D51-B3AC-E1745F960E1C}"
EndProject
Project("{2150E333-8FDC-42A3-9474-1A3956D46DE8}") = "PurchaseList", "PurchaseList", "{3DBB2CAD-7D51-44D2-8520-971BD20346CB}"
EndProject
Project("{2150E333-8FDC-42A3-9474-1A3956D46DE8}") = "Unit", "Unit", "{4BD291BF-4F93-4D46-AA56-B22E59E8923A}"
EndProject
Project("{2150E333-8FDC-42A3-9474-1A3956D46DE8}") = "Identity", "Identity", "{30BC4A6C-FD4A-41E6-9C63-4264776E8FC9}"
EndProject
Project("{2150E333-8FDC-42A3-9474-1A3956D46DE8}") = "Identity", "Identity", "{65BED28A-CA2E-4951-9447-4841B3BACF2A}"
EndProject
Project("{9A19103F-16F7-4668-BE54-9A1E7A4F7556}") = "Identity.API", "Server\Services\Identity\Identity.API\Identity.API.csproj", "{11DF3D2E-CE34-4770-8E88-72349D8891F1}"
EndProject
Project("{9A19103F-16F7-4668-BE54-9A1E7A4F7556}") = "Identity.Domain", "Server\Services\Identity\Identity.Domain\Identity.Domain.csproj", "{CB407B1C-9B79-411C-8BB4-30FF36C0A0FF}"
EndProject
Project("{9A19103F-16F7-4668-BE54-9A1E7A4F7556}") = "Identity.infrastructure", "Server\Services\Identity\Identity.infrastructure\Identity.infrastructure.csproj", "{26AF167A-A44A-4177-A025-10CD83473BDA}"
EndProject
Project("{9A19103F-16F7-4668-BE54-9A1E7A4F7556}") = "PurchaseList.API", "Server\Services\PurchaseList\PurchaseList.API\PurchaseList.API.csproj", "{E14521BD-C44F-4AED-AF44-ACF5566DD756}"
EndProject
Project("{9A19103F-16F7-4668-BE54-9A1E7A4F7556}") = "PurchaseList.Domain", "Server\Services\PurchaseList\PurchaseList.Domain\PurchaseList.Domain.csproj", "{38F7C468-A1E3-4FC6-9C0C-41101115FD68}"
EndProject
Project("{9A19103F-16F7-4668-BE54-9A1E7A4F7556}") = "PurchaseList.Infrastructure", "Server\Services\PurchaseList\PurchaseList.Infrastructure\PurchaseList.Infrastructure.csproj", "{832C4865-5F80-49DD-9893-42B7B3E62EF4}"
EndProject
Project("{E53339B2-1760-4266-BCC7-CA923CBCF16C}") = "docker-compose", "Infrastructure\Docker\docker-compose.dcproj", "{6E1AF3D5-418F-4194-9F21-F3BE71C54F99}"
EndProject
Project("{9A19103F-16F7-4668-BE54-9A1E7A4F7556}") = "Identity.Tests", "Server\Tests\Unit\Identity\Identity.Tests\Identity.Tests.csproj", "{F536D952-13DA-4125-84A0-ED44EBB800AE}"
EndProject
Project("{9A19103F-16F7-4668-BE54-9A1E7A4F7556}") = "PurchaseList.Tests", "Server\Tests\Unit\PurchaseList\PurchaseList.Tests\PurchaseList.Tests.csproj", "{BFBC6D27-79E6-4833-8677-92E99C426176}"
EndProject
Project("{9A19103F-16F7-4668-BE54-9A1E7A4F7556}") = "Identity.Service", "Server\Services\Identity\Identity.Service\Identity.Service.csproj", "{6BAA9F92-A81B-4626-9850-948A8CE288E1}"
EndProject
Global
	GlobalSection(SolutionConfigurationPlatforms) = preSolution
		Debug|Any CPU = Debug|Any CPU
		Release|Any CPU = Release|Any CPU
	EndGlobalSection
	GlobalSection(ProjectConfigurationPlatforms) = postSolution
		{11DF3D2E-CE34-4770-8E88-72349D8891F1}.Debug|Any CPU.ActiveCfg = Debug|Any CPU
		{11DF3D2E-CE34-4770-8E88-72349D8891F1}.Debug|Any CPU.Build.0 = Debug|Any CPU
		{11DF3D2E-CE34-4770-8E88-72349D8891F1}.Release|Any CPU.ActiveCfg = Release|Any CPU
		{11DF3D2E-CE34-4770-8E88-72349D8891F1}.Release|Any CPU.Build.0 = Release|Any CPU
		{CB407B1C-9B79-411C-8BB4-30FF36C0A0FF}.Debug|Any CPU.ActiveCfg = Debug|Any CPU
		{CB407B1C-9B79-411C-8BB4-30FF36C0A0FF}.Debug|Any CPU.Build.0 = Debug|Any CPU
		{CB407B1C-9B79-411C-8BB4-30FF36C0A0FF}.Release|Any CPU.ActiveCfg = Release|Any CPU
		{CB407B1C-9B79-411C-8BB4-30FF36C0A0FF}.Release|Any CPU.Build.0 = Release|Any CPU
		{26AF167A-A44A-4177-A025-10CD83473BDA}.Debug|Any CPU.ActiveCfg = Debug|Any CPU
		{26AF167A-A44A-4177-A025-10CD83473BDA}.Debug|Any CPU.Build.0 = Debug|Any CPU
		{26AF167A-A44A-4177-A025-10CD83473BDA}.Release|Any CPU.ActiveCfg = Release|Any CPU
		{26AF167A-A44A-4177-A025-10CD83473BDA}.Release|Any CPU.Build.0 = Release|Any CPU
		{E14521BD-C44F-4AED-AF44-ACF5566DD756}.Debug|Any CPU.ActiveCfg = Debug|Any CPU
		{E14521BD-C44F-4AED-AF44-ACF5566DD756}.Debug|Any CPU.Build.0 = Debug|Any CPU
		{E14521BD-C44F-4AED-AF44-ACF5566DD756}.Release|Any CPU.ActiveCfg = Release|Any CPU
		{E14521BD-C44F-4AED-AF44-ACF5566DD756}.Release|Any CPU.Build.0 = Release|Any CPU
		{38F7C468-A1E3-4FC6-9C0C-41101115FD68}.Debug|Any CPU.ActiveCfg = Debug|Any CPU
		{38F7C468-A1E3-4FC6-9C0C-41101115FD68}.Debug|Any CPU.Build.0 = Debug|Any CPU
		{38F7C468-A1E3-4FC6-9C0C-41101115FD68}.Release|Any CPU.ActiveCfg = Release|Any CPU
		{38F7C468-A1E3-4FC6-9C0C-41101115FD68}.Release|Any CPU.Build.0 = Release|Any CPU
		{832C4865-5F80-49DD-9893-42B7B3E62EF4}.Debug|Any CPU.ActiveCfg = Debug|Any CPU
		{832C4865-5F80-49DD-9893-42B7B3E62EF4}.Debug|Any CPU.Build.0 = Debug|Any CPU
		{832C4865-5F80-49DD-9893-42B7B3E62EF4}.Release|Any CPU.ActiveCfg = Release|Any CPU
		{832C4865-5F80-49DD-9893-42B7B3E62EF4}.Release|Any CPU.Build.0 = Release|Any CPU
		{6E1AF3D5-418F-4194-9F21-F3BE71C54F99}.Debug|Any CPU.ActiveCfg = Debug|Any CPU
		{6E1AF3D5-418F-4194-9F21-F3BE71C54F99}.Debug|Any CPU.Build.0 = Debug|Any CPU
		{6E1AF3D5-418F-4194-9F21-F3BE71C54F99}.Release|Any CPU.ActiveCfg = Release|Any CPU
		{6E1AF3D5-418F-4194-9F21-F3BE71C54F99}.Release|Any CPU.Build.0 = Release|Any CPU
		{F536D952-13DA-4125-84A0-ED44EBB800AE}.Debug|Any CPU.ActiveCfg = Debug|Any CPU
		{F536D952-13DA-4125-84A0-ED44EBB800AE}.Debug|Any CPU.Build.0 = Debug|Any CPU
		{F536D952-13DA-4125-84A0-ED44EBB800AE}.Release|Any CPU.ActiveCfg = Release|Any CPU
		{F536D952-13DA-4125-84A0-ED44EBB800AE}.Release|Any CPU.Build.0 = Release|Any CPU
		{BFBC6D27-79E6-4833-8677-92E99C426176}.Debug|Any CPU.ActiveCfg = Debug|Any CPU
		{BFBC6D27-79E6-4833-8677-92E99C426176}.Debug|Any CPU.Build.0 = Debug|Any CPU
		{BFBC6D27-79E6-4833-8677-92E99C426176}.Release|Any CPU.ActiveCfg = Release|Any CPU
		{BFBC6D27-79E6-4833-8677-92E99C426176}.Release|Any CPU.Build.0 = Release|Any CPU
		{6BAA9F92-A81B-4626-9850-948A8CE288E1}.Debug|Any CPU.ActiveCfg = Debug|Any CPU
		{6BAA9F92-A81B-4626-9850-948A8CE288E1}.Debug|Any CPU.Build.0 = Debug|Any CPU
		{6BAA9F92-A81B-4626-9850-948A8CE288E1}.Release|Any CPU.ActiveCfg = Release|Any CPU
		{6BAA9F92-A81B-4626-9850-948A8CE288E1}.Release|Any CPU.Build.0 = Release|Any CPU
	EndGlobalSection
	GlobalSection(SolutionProperties) = preSolution
		HideSolutionNode = FALSE
	EndGlobalSection
	GlobalSection(NestedProjects) = preSolution
		{A953E3AF-766E-4037-81F4-7380C0C9A7B1} = {55D7AD26-DFEA-4A19-8884-2BEB3B771096}
		{75E4E957-162A-45A1-B2A9-1902B88D8208} = {55D7AD26-DFEA-4A19-8884-2BEB3B771096}
		{D00A334D-A598-49A6-8524-457451F05AE4} = {A953E3AF-766E-4037-81F4-7380C0C9A7B1}
		{984C409C-B9CF-4D51-B3AC-E1745F960E1C} = {A953E3AF-766E-4037-81F4-7380C0C9A7B1}
		{3DBB2CAD-7D51-44D2-8520-971BD20346CB} = {4BD291BF-4F93-4D46-AA56-B22E59E8923A}
		{4BD291BF-4F93-4D46-AA56-B22E59E8923A} = {75E4E957-162A-45A1-B2A9-1902B88D8208}
		{30BC4A6C-FD4A-41E6-9C63-4264776E8FC9} = {A953E3AF-766E-4037-81F4-7380C0C9A7B1}
		{65BED28A-CA2E-4951-9447-4841B3BACF2A} = {4BD291BF-4F93-4D46-AA56-B22E59E8923A}
		{11DF3D2E-CE34-4770-8E88-72349D8891F1} = {30BC4A6C-FD4A-41E6-9C63-4264776E8FC9}
		{CB407B1C-9B79-411C-8BB4-30FF36C0A0FF} = {30BC4A6C-FD4A-41E6-9C63-4264776E8FC9}
		{26AF167A-A44A-4177-A025-10CD83473BDA} = {30BC4A6C-FD4A-41E6-9C63-4264776E8FC9}
		{E14521BD-C44F-4AED-AF44-ACF5566DD756} = {984C409C-B9CF-4D51-B3AC-E1745F960E1C}
		{38F7C468-A1E3-4FC6-9C0C-41101115FD68} = {984C409C-B9CF-4D51-B3AC-E1745F960E1C}
		{832C4865-5F80-49DD-9893-42B7B3E62EF4} = {984C409C-B9CF-4D51-B3AC-E1745F960E1C}
		{F536D952-13DA-4125-84A0-ED44EBB800AE} = {65BED28A-CA2E-4951-9447-4841B3BACF2A}
		{BFBC6D27-79E6-4833-8677-92E99C426176} = {3DBB2CAD-7D51-44D2-8520-971BD20346CB}
		{6BAA9F92-A81B-4626-9850-948A8CE288E1} = {30BC4A6C-FD4A-41E6-9C63-4264776E8FC9}
	EndGlobalSection
	GlobalSection(ExtensibilityGlobals) = postSolution
		SolutionGuid = {41215658-7402-4979-9F2A-7EAB3A62E0A2}
	EndGlobalSection
EndGlobal
